// !$*UTF8*$!
{
	archiveVersion = 1;
	classes = {
	};
	objectVersion = 77;
	objects = {

/* Begin PBXBuildFile section */
		B029E4CF2D830D1E0066CE41 /* GoogleMaps in Frameworks */ = {isa = PBXBuildFile; productRef = B029E4CE2D830D1E0066CE41 /* GoogleMaps */; };
		B0ABF8C72D8AE61000081FA1 /* TakeoutEntity+CoreDataProperties.swift in Sources */ = {isa = PBXBuildFile; fileRef = B0ABF8C62D8AE61000081FA1 /* TakeoutEntity+CoreDataProperties.swift */; };
		B0ABF8C82D8AE61000081FA1 /* TakeoutEntity+CoreDataClass.swift in Sources */ = {isa = PBXBuildFile; fileRef = B0ABF8C52D8AE61000081FA1 /* TakeoutEntity+CoreDataClass.swift */; };
		B0ABF8CF2D8AE86E00081FA1 /* ReviewEntity+CoreDataProperties.swift in Sources */ = {isa = PBXBuildFile; fileRef = B0ABF8CE2D8AE86E00081FA1 /* ReviewEntity+CoreDataProperties.swift */; };
		B0ABF8D02D8AE86E00081FA1 /* ReviewEntity+CoreDataClass.swift in Sources */ = {isa = PBXBuildFile; fileRef = B0ABF8CD2D8AE86E00081FA1 /* ReviewEntity+CoreDataClass.swift */; };
/* End PBXBuildFile section */

/* Begin PBXContainerItemProxy section */
		B099632E2D38125B00F42ACD /* PBXContainerItemProxy */ = {
			isa = PBXContainerItemProxy;
			containerPortal = B09963102D38125800F42ACD /* Project object */;
			proxyType = 1;
			remoteGlobalIDString = B09963172D38125800F42ACD;
			remoteInfo = govuk_review_app;
		};
		B09963382D38125B00F42ACD /* PBXContainerItemProxy */ = {
			isa = PBXContainerItemProxy;
			containerPortal = B09963102D38125800F42ACD /* Project object */;
			proxyType = 1;
			remoteGlobalIDString = B09963172D38125800F42ACD;
			remoteInfo = govuk_review_app;
		};
/* End PBXContainerItemProxy section */

/* Begin PBXFileReference section */
		B09963182D38125800F42ACD /* govuk_review_app.app */ = {isa = PBXFileReference; explicitFileType = wrapper.application; includeInIndex = 0; path = govuk_review_app.app; sourceTree = BUILT_PRODUCTS_DIR; };
		B099632D2D38125B00F42ACD /* govuk_review_appTests.xctest */ = {isa = PBXFileReference; explicitFileType = wrapper.cfbundle; includeInIndex = 0; path = govuk_review_appTests.xctest; sourceTree = BUILT_PRODUCTS_DIR; };
		B09963372D38125B00F42ACD /* govuk_review_appUITests.xctest */ = {isa = PBXFileReference; explicitFileType = wrapper.cfbundle; includeInIndex = 0; path = govuk_review_appUITests.xctest; sourceTree = BUILT_PRODUCTS_DIR; };
		B0ABF8C52D8AE61000081FA1 /* TakeoutEntity+CoreDataClass.swift */ = {isa = PBXFileReference; lastKnownFileType = sourcecode.swift; name = "TakeoutEntity+CoreDataClass.swift"; path = "govuk_review_app/CoreData/TakeoutEntity+CoreDataClass.swift"; sourceTree = "<group>"; };
		B0ABF8C62D8AE61000081FA1 /* TakeoutEntity+CoreDataProperties.swift */ = {isa = PBXFileReference; lastKnownFileType = sourcecode.swift; name = "TakeoutEntity+CoreDataProperties.swift"; path = "govuk_review_app/CoreData/TakeoutEntity+CoreDataProperties.swift"; sourceTree = "<group>"; };
		B0ABF8CD2D8AE86E00081FA1 /* ReviewEntity+CoreDataClass.swift */ = {isa = PBXFileReference; lastKnownFileType = sourcecode.swift; name = "ReviewEntity+CoreDataClass.swift"; path = "govuk_review_app/CoreData/ReviewEntity+CoreDataClass.swift"; sourceTree = "<group>"; };
		B0ABF8CE2D8AE86E00081FA1 /* ReviewEntity+CoreDataProperties.swift */ = {isa = PBXFileReference; lastKnownFileType = sourcecode.swift; name = "ReviewEntity+CoreDataProperties.swift"; path = "govuk_review_app/CoreData/ReviewEntity+CoreDataProperties.swift"; sourceTree = "<group>"; };
/* End PBXFileReference section */

/* Begin PBXFileSystemSynchronizedRootGroup section */
		B099631A2D38125800F42ACD /* govuk_review_app */ = {
			isa = PBXFileSystemSynchronizedRootGroup;
			path = govuk_review_app;
			sourceTree = "<group>";
		};
		B09963302D38125B00F42ACD /* govuk_review_appTests */ = {
			isa = PBXFileSystemSynchronizedRootGroup;
			path = govuk_review_appTests;
			sourceTree = "<group>";
		};
		B099633A2D38125B00F42ACD /* govuk_review_appUITests */ = {
			isa = PBXFileSystemSynchronizedRootGroup;
			path = govuk_review_appUITests;
			sourceTree = "<group>";
		};
/* End PBXFileSystemSynchronizedRootGroup section */

/* Begin PBXFrameworksBuildPhase section */
		B09963152D38125800F42ACD /* Frameworks */ = {
			isa = PBXFrameworksBuildPhase;
			buildActionMask = 2147483647;
			files = (
				B029E4CF2D830D1E0066CE41 /* GoogleMaps in Frameworks */,
			);
			runOnlyForDeploymentPostprocessing = 0;
		};
		B099632A2D38125B00F42ACD /* Frameworks */ = {
			isa = PBXFrameworksBuildPhase;
			buildActionMask = 2147483647;
			files = (
			);
			runOnlyForDeploymentPostprocessing = 0;
		};
		B09963342D38125B00F42ACD /* Frameworks */ = {
			isa = PBXFrameworksBuildPhase;
			buildActionMask = 2147483647;
			files = (
			);
			runOnlyForDeploymentPostprocessing = 0;
		};
/* End PBXFrameworksBuildPhase section */

/* Begin PBXGroup section */
		B099630F2D38125800F42ACD = {
			isa = PBXGroup;
			children = (
				B0ABF8CD2D8AE86E00081FA1 /* ReviewEntity+CoreDataClass.swift */,
				B0ABF8CE2D8AE86E00081FA1 /* ReviewEntity+CoreDataProperties.swift */,
				B0ABF8C52D8AE61000081FA1 /* TakeoutEntity+CoreDataClass.swift */,
				B0ABF8C62D8AE61000081FA1 /* TakeoutEntity+CoreDataProperties.swift */,
				B099631A2D38125800F42ACD /* govuk_review_app */,
				B09963302D38125B00F42ACD /* govuk_review_appTests */,
				B099633A2D38125B00F42ACD /* govuk_review_appUITests */,
				B09963192D38125800F42ACD /* Products */,
			);
			sourceTree = "<group>";
		};
		B09963192D38125800F42ACD /* Products */ = {
			isa = PBXGroup;
			children = (
				B09963182D38125800F42ACD /* govuk_review_app.app */,
				B099632D2D38125B00F42ACD /* govuk_review_appTests.xctest */,
				B09963372D38125B00F42ACD /* govuk_review_appUITests.xctest */,
			);
			name = Products;
			sourceTree = "<group>";
		};
/* End PBXGroup section */

/* Begin PBXNativeTarget section */
		B09963172D38125800F42ACD /* govuk_review_app */ = {
			isa = PBXNativeTarget;
			buildConfigurationList = B09963412D38125B00F42ACD /* Build configuration list for PBXNativeTarget "govuk_review_app" */;
			buildPhases = (
				B09963142D38125800F42ACD /* Sources */,
				B09963152D38125800F42ACD /* Frameworks */,
				B09963162D38125800F42ACD /* Resources */,
			);
			buildRules = (
			);
			dependencies = (
			);
			fileSystemSynchronizedGroups = (
				B099631A2D38125800F42ACD /* govuk_review_app */,
			);
			name = govuk_review_app;
			packageProductDependencies = (
				B029E4CE2D830D1E0066CE41 /* GoogleMaps */,
			);
			productName = govuk_review_app;
			productReference = B09963182D38125800F42ACD /* govuk_review_app.app */;
			productType = "com.apple.product-type.application";
		};
		B099632C2D38125B00F42ACD /* govuk_review_appTests */ = {
			isa = PBXNativeTarget;
			buildConfigurationList = B09963442D38125B00F42ACD /* Build configuration list for PBXNativeTarget "govuk_review_appTests" */;
			buildPhases = (
				B09963292D38125B00F42ACD /* Sources */,
				B099632A2D38125B00F42ACD /* Frameworks */,
				B099632B2D38125B00F42ACD /* Resources */,
			);
			buildRules = (
			);
			dependencies = (
				B099632F2D38125B00F42ACD /* PBXTargetDependency */,
			);
			fileSystemSynchronizedGroups = (
				B09963302D38125B00F42ACD /* govuk_review_appTests */,
			);
			name = govuk_review_appTests;
			packageProductDependencies = (
			);
			productName = govuk_review_appTests;
			productReference = B099632D2D38125B00F42ACD /* govuk_review_appTests.xctest */;
			productType = "com.apple.product-type.bundle.unit-test";
		};
		B09963362D38125B00F42ACD /* govuk_review_appUITests */ = {
			isa = PBXNativeTarget;
			buildConfigurationList = B09963472D38125B00F42ACD /* Build configuration list for PBXNativeTarget "govuk_review_appUITests" */;
			buildPhases = (
				B09963332D38125B00F42ACD /* Sources */,
				B09963342D38125B00F42ACD /* Frameworks */,
				B09963352D38125B00F42ACD /* Resources */,
			);
			buildRules = (
			);
			dependencies = (
				B09963392D38125B00F42ACD /* PBXTargetDependency */,
			);
			fileSystemSynchronizedGroups = (
				B099633A2D38125B00F42ACD /* govuk_review_appUITests */,
			);
			name = govuk_review_appUITests;
			packageProductDependencies = (
			);
			productName = govuk_review_appUITests;
			productReference = B09963372D38125B00F42ACD /* govuk_review_appUITests.xctest */;
			productType = "com.apple.product-type.bundle.ui-testing";
		};
/* End PBXNativeTarget section */

/* Begin PBXProject section */
		B09963102D38125800F42ACD /* Project object */ = {
			isa = PBXProject;
			attributes = {
				BuildIndependentTargetsInParallel = 1;
				LastSwiftUpdateCheck = 1610;
				LastUpgradeCheck = 1610;
				TargetAttributes = {
					B09963172D38125800F42ACD = {
						CreatedOnToolsVersion = 16.1;
					};
					B099632C2D38125B00F42ACD = {
						CreatedOnToolsVersion = 16.1;
						TestTargetID = B09963172D38125800F42ACD;
					};
					B09963362D38125B00F42ACD = {
						CreatedOnToolsVersion = 16.1;
						TestTargetID = B09963172D38125800F42ACD;
					};
				};
			};
			buildConfigurationList = B09963132D38125800F42ACD /* Build configuration list for PBXProject "govuk_review_app" */;
			developmentRegion = en;
			hasScannedForEncodings = 0;
			knownRegions = (
				en,
				Base,
			);
			mainGroup = B099630F2D38125800F42ACD;
			minimizedProjectReferenceProxies = 1;
			packageReferences = (
				B029E4CD2D830D1E0066CE41 /* XCRemoteSwiftPackageReference "ios-maps-sdk" */,
			);
			preferredProjectObjectVersion = 77;
			productRefGroup = B09963192D38125800F42ACD /* Products */;
			projectDirPath = "";
			projectRoot = "";
			targets = (
				B09963172D38125800F42ACD /* govuk_review_app */,
				B099632C2D38125B00F42ACD /* govuk_review_appTests */,
				B09963362D38125B00F42ACD /* govuk_review_appUITests */,
			);
		};
/* End PBXProject section */

/* Begin PBXResourcesBuildPhase section */
		B09963162D38125800F42ACD /* Resources */ = {
			isa = PBXResourcesBuildPhase;
			buildActionMask = 2147483647;
			files = (
			);
			runOnlyForDeploymentPostprocessing = 0;
		};
		B099632B2D38125B00F42ACD /* Resources */ = {
			isa = PBXResourcesBuildPhase;
			buildActionMask = 2147483647;
			files = (
			);
			runOnlyForDeploymentPostprocessing = 0;
		};
		B09963352D38125B00F42ACD /* Resources */ = {
			isa = PBXResourcesBuildPhase;
			buildActionMask = 2147483647;
			files = (
			);
			runOnlyForDeploymentPostprocessing = 0;
		};
/* End PBXResourcesBuildPhase section */

/* Begin PBXSourcesBuildPhase section */
		B09963142D38125800F42ACD /* Sources */ = {
			isa = PBXSourcesBuildPhase;
			buildActionMask = 2147483647;
			files = (
				B0ABF8CF2D8AE86E00081FA1 /* ReviewEntity+CoreDataProperties.swift in Sources */,
				B0ABF8D02D8AE86E00081FA1 /* ReviewEntity+CoreDataClass.swift in Sources */,
				B0ABF8C72D8AE61000081FA1 /* TakeoutEntity+CoreDataProperties.swift in Sources */,
				B0ABF8C82D8AE61000081FA1 /* TakeoutEntity+CoreDataClass.swift in Sources */,
			);
			runOnlyForDeploymentPostprocessing = 0;
		};
		B09963292D38125B00F42ACD /* Sources */ = {
			isa = PBXSourcesBuildPhase;
			buildActionMask = 2147483647;
			files = (
			);
			runOnlyForDeploymentPostprocessing = 0;
		};
		B09963332D38125B00F42ACD /* Sources */ = {
			isa = PBXSourcesBuildPhase;
			buildActionMask = 2147483647;
			files = (
			);
			runOnlyForDeploymentPostprocessing = 0;
		};
/* End PBXSourcesBuildPhase section */

/* Begin PBXTargetDependency section */
		B099632F2D38125B00F42ACD /* PBXTargetDependency */ = {
			isa = PBXTargetDependency;
			target = B09963172D38125800F42ACD /* govuk_review_app */;
			targetProxy = B099632E2D38125B00F42ACD /* PBXContainerItemProxy */;
		};
		B09963392D38125B00F42ACD /* PBXTargetDependency */ = {
			isa = PBXTargetDependency;
			target = B09963172D38125800F42ACD /* govuk_review_app */;
			targetProxy = B09963382D38125B00F42ACD /* PBXContainerItemProxy */;
		};
/* End PBXTargetDependency section */

/* Begin XCBuildConfiguration section */
		B099633F2D38125B00F42ACD /* Debug */ = {
			isa = XCBuildConfiguration;
			buildSettings = {
				ALWAYS_SEARCH_USER_PATHS = NO;
				ASSETCATALOG_COMPILER_GENERATE_SWIFT_ASSET_SYMBOL_EXTENSIONS = YES;
				CLANG_ANALYZER_NONNULL = YES;
				CLANG_ANALYZER_NUMBER_OBJECT_CONVERSION = YES_AGGRESSIVE;
				CLANG_CXX_LANGUAGE_STANDARD = "gnu++20";
				CLANG_ENABLE_MODULES = YES;
				CLANG_ENABLE_OBJC_ARC = YES;
				CLANG_ENABLE_OBJC_WEAK = YES;
				CLANG_WARN_BLOCK_CAPTURE_AUTORELEASING = YES;
				CLANG_WARN_BOOL_CONVERSION = YES;
				CLANG_WARN_COMMA = YES;
				CLANG_WARN_CONSTANT_CONVERSION = YES;
				CLANG_WARN_DEPRECATED_OBJC_IMPLEMENTATIONS = YES;
				CLANG_WARN_DIRECT_OBJC_ISA_USAGE = YES_ERROR;
				CLANG_WARN_DOCUMENTATION_COMMENTS = YES;
				CLANG_WARN_EMPTY_BODY = YES;
				CLANG_WARN_ENUM_CONVERSION = YES;
				CLANG_WARN_INFINITE_RECURSION = YES;
				CLANG_WARN_INT_CONVERSION = YES;
				CLANG_WARN_NON_LITERAL_NULL_CONVERSION = YES;
				CLANG_WARN_OBJC_IMPLICIT_RETAIN_SELF = YES;
				CLANG_WARN_OBJC_LITERAL_CONVERSION = YES;
				CLANG_WARN_OBJC_ROOT_CLASS = YES_ERROR;
				CLANG_WARN_QUOTED_INCLUDE_IN_FRAMEWORK_HEADER = YES;
				CLANG_WARN_RANGE_LOOP_ANALYSIS = YES;
				CLANG_WARN_STRICT_PROTOTYPES = YES;
				CLANG_WARN_SUSPICIOUS_MOVE = YES;
				CLANG_WARN_UNGUARDED_AVAILABILITY = YES_AGGRESSIVE;
				CLANG_WARN_UNREACHABLE_CODE = YES;
				CLANG_WARN__DUPLICATE_METHOD_MATCH = YES;
				COPY_PHASE_STRIP = NO;
				DEBUG_INFORMATION_FORMAT = dwarf;
				ENABLE_STRICT_OBJC_MSGSEND = YES;
				ENABLE_TESTABILITY = YES;
				ENABLE_USER_SCRIPT_SANDBOXING = YES;
				GCC_C_LANGUAGE_STANDARD = gnu17;
				GCC_DYNAMIC_NO_PIC = NO;
				GCC_NO_COMMON_BLOCKS = YES;
				GCC_OPTIMIZATION_LEVEL = 0;
				GCC_PREPROCESSOR_DEFINITIONS = (
					"DEBUG=1",
					"$(inherited)",
				);
				GCC_WARN_64_TO_32_BIT_CONVERSION = YES;
				GCC_WARN_ABOUT_RETURN_TYPE = YES_ERROR;
				GCC_WARN_UNDECLARED_SELECTOR = YES;
				GCC_WARN_UNINITIALIZED_AUTOS = YES_AGGRESSIVE;
				GCC_WARN_UNUSED_FUNCTION = YES;
				GCC_WARN_UNUSED_VARIABLE = YES;
				IPHONEOS_DEPLOYMENT_TARGET = 18.1;
				LOCALIZATION_PREFERS_STRING_CATALOGS = YES;
				MTL_ENABLE_DEBUG_INFO = INCLUDE_SOURCE;
				MTL_FAST_MATH = YES;
				ONLY_ACTIVE_ARCH = YES;
				SDKROOT = iphoneos;
				SWIFT_ACTIVE_COMPILATION_CONDITIONS = "DEBUG $(inherited)";
				SWIFT_OPTIMIZATION_LEVEL = "-Onone";
			};
			name = Debug;
		};
		B09963402D38125B00F42ACD /* Release */ = {
			isa = XCBuildConfiguration;
			buildSettings = {
				ALWAYS_SEARCH_USER_PATHS = NO;
				ASSETCATALOG_COMPILER_GENERATE_SWIFT_ASSET_SYMBOL_EXTENSIONS = YES;
				CLANG_ANALYZER_NONNULL = YES;
				CLANG_ANALYZER_NUMBER_OBJECT_CONVERSION = YES_AGGRESSIVE;
				CLANG_CXX_LANGUAGE_STANDARD = "gnu++20";
				CLANG_ENABLE_MODULES = YES;
				CLANG_ENABLE_OBJC_ARC = YES;
				CLANG_ENABLE_OBJC_WEAK = YES;
				CLANG_WARN_BLOCK_CAPTURE_AUTORELEASING = YES;
				CLANG_WARN_BOOL_CONVERSION = YES;
				CLANG_WARN_COMMA = YES;
				CLANG_WARN_CONSTANT_CONVERSION = YES;
				CLANG_WARN_DEPRECATED_OBJC_IMPLEMENTATIONS = YES;
				CLANG_WARN_DIRECT_OBJC_ISA_USAGE = YES_ERROR;
				CLANG_WARN_DOCUMENTATION_COMMENTS = YES;
				CLANG_WARN_EMPTY_BODY = YES;
				CLANG_WARN_ENUM_CONVERSION = YES;
				CLANG_WARN_INFINITE_RECURSION = YES;
				CLANG_WARN_INT_CONVERSION = YES;
				CLANG_WARN_NON_LITERAL_NULL_CONVERSION = YES;
				CLANG_WARN_OBJC_IMPLICIT_RETAIN_SELF = YES;
				CLANG_WARN_OBJC_LITERAL_CONVERSION = YES;
				CLANG_WARN_OBJC_ROOT_CLASS = YES_ERROR;
				CLANG_WARN_QUOTED_INCLUDE_IN_FRAMEWORK_HEADER = YES;
				CLANG_WARN_RANGE_LOOP_ANALYSIS = YES;
				CLANG_WARN_STRICT_PROTOTYPES = YES;
				CLANG_WARN_SUSPICIOUS_MOVE = YES;
				CLANG_WARN_UNGUARDED_AVAILABILITY = YES_AGGRESSIVE;
				CLANG_WARN_UNREACHABLE_CODE = YES;
				CLANG_WARN__DUPLICATE_METHOD_MATCH = YES;
				COPY_PHASE_STRIP = NO;
				DEBUG_INFORMATION_FORMAT = "dwarf-with-dsym";
				ENABLE_NS_ASSERTIONS = NO;
				ENABLE_STRICT_OBJC_MSGSEND = YES;
				ENABLE_USER_SCRIPT_SANDBOXING = YES;
				GCC_C_LANGUAGE_STANDARD = gnu17;
				GCC_NO_COMMON_BLOCKS = YES;
				GCC_WARN_64_TO_32_BIT_CONVERSION = YES;
				GCC_WARN_ABOUT_RETURN_TYPE = YES_ERROR;
				GCC_WARN_UNDECLARED_SELECTOR = YES;
				GCC_WARN_UNINITIALIZED_AUTOS = YES_AGGRESSIVE;
				GCC_WARN_UNUSED_FUNCTION = YES;
				GCC_WARN_UNUSED_VARIABLE = YES;
				IPHONEOS_DEPLOYMENT_TARGET = 18.1;
				LOCALIZATION_PREFERS_STRING_CATALOGS = YES;
				MTL_ENABLE_DEBUG_INFO = NO;
				MTL_FAST_MATH = YES;
				SDKROOT = iphoneos;
				SWIFT_COMPILATION_MODE = wholemodule;
				VALIDATE_PRODUCT = YES;
			};
			name = Release;
		};
		B09963422D38125B00F42ACD /* Debug */ = {
			isa = XCBuildConfiguration;
			buildSettings = {
				ASSETCATALOG_COMPILER_APPICON_NAME = AppIcon;
				ASSETCATALOG_COMPILER_GLOBAL_ACCENT_COLOR_NAME = AccentColor;
				CODE_SIGN_STYLE = Automatic;
				CURRENT_PROJECT_VERSION = 1;
				DEVELOPMENT_ASSET_PATHS = "\"govuk_review_app/Preview Content\"";
				ENABLE_PREVIEWS = YES;
				GENERATE_INFOPLIST_FILE = YES;
				INFOPLIST_KEY_UIApplicationSceneManifest_Generation = YES;
				INFOPLIST_KEY_UIApplicationSupportsIndirectInputEvents = YES;
				INFOPLIST_KEY_UILaunchScreen_Generation = YES;
				INFOPLIST_KEY_UISupportedInterfaceOrientations_iPad = "UIInterfaceOrientationPortrait UIInterfaceOrientationPortraitUpsideDown UIInterfaceOrientationLandscapeLeft UIInterfaceOrientationLandscapeRight";
				INFOPLIST_KEY_UISupportedInterfaceOrientations_iPhone = "UIInterfaceOrientationPortrait UIInterfaceOrientationLandscapeLeft UIInterfaceOrientationLandscapeRight";
				LD_RUNPATH_SEARCH_PATHS = (
					"$(inherited)",
					"@executable_path/Frameworks",
				);
				MARKETING_VERSION = 1.0;
				PRODUCT_BUNDLE_IDENTIFIER = "com.example.govuk-review-app";
				PRODUCT_NAME = "$(TARGET_NAME)";
				SWIFT_EMIT_LOC_STRINGS = YES;
				SWIFT_VERSION = 5.0;
				TARGETED_DEVICE_FAMILY = "1,2";
			};
			name = Debug;
		};
		B09963432D38125B00F42ACD /* Release */ = {
			isa = XCBuildConfiguration;
			buildSettings = {
				ASSETCATALOG_COMPILER_APPICON_NAME = AppIcon;
				ASSETCATALOG_COMPILER_GLOBAL_ACCENT_COLOR_NAME = AccentColor;
				CODE_SIGN_STYLE = Automatic;
				CURRENT_PROJECT_VERSION = 1;
				DEVELOPMENT_ASSET_PATHS = "\"govuk_review_app/Preview Content\"";
				ENABLE_PREVIEWS = YES;
				GENERATE_INFOPLIST_FILE = YES;
				INFOPLIST_KEY_UIApplicationSceneManifest_Generation = YES;
				INFOPLIST_KEY_UIApplicationSupportsIndirectInputEvents = YES;
				INFOPLIST_KEY_UILaunchScreen_Generation = YES;
				INFOPLIST_KEY_UISupportedInterfaceOrientations_iPad = "UIInterfaceOrientationPortrait UIInterfaceOrientationPortraitUpsideDown UIInterfaceOrientationLandscapeLeft UIInterfaceOrientationLandscapeRight";
				INFOPLIST_KEY_UISupportedInterfaceOrientations_iPhone = "UIInterfaceOrientationPortrait UIInterfaceOrientationLandscapeLeft UIInterfaceOrientationLandscapeRight";
				LD_RUNPATH_SEARCH_PATHS = (
					"$(inherited)",
					"@executable_path/Frameworks",
				);
				MARKETING_VERSION = 1.0;
				PRODUCT_BUNDLE_IDENTIFIER = "com.example.govuk-review-app";
				PRODUCT_NAME = "$(TARGET_NAME)";
				SWIFT_EMIT_LOC_STRINGS = YES;
				SWIFT_VERSION = 5.0;
				TARGETED_DEVICE_FAMILY = "1,2";
			};
			name = Release;
		};
		B09963452D38125B00F42ACD /* Debug */ = {
			isa = XCBuildConfiguration;
			buildSettings = {
				BUNDLE_LOADER = "$(TEST_HOST)";
				CODE_SIGN_STYLE = Automatic;
				CURRENT_PROJECT_VERSION = 1;
				GENERATE_INFOPLIST_FILE = YES;
				IPHONEOS_DEPLOYMENT_TARGET = 18.1;
				MARKETING_VERSION = 1.0;
				PRODUCT_BUNDLE_IDENTIFIER = "com.example.govuk-review-appTests";
				PRODUCT_NAME = "$(TARGET_NAME)";
				SWIFT_EMIT_LOC_STRINGS = NO;
				SWIFT_VERSION = 5.0;
				TARGETED_DEVICE_FAMILY = "1,2";
				TEST_HOST = "$(BUILT_PRODUCTS_DIR)/govuk_review_app.app/$(BUNDLE_EXECUTABLE_FOLDER_PATH)/govuk_review_app";
			};
			name = Debug;
		};
		B09963462D38125B00F42ACD /* Release */ = {
			isa = XCBuildConfiguration;
			buildSettings = {
				BUNDLE_LOADER = "$(TEST_HOST)";
				CODE_SIGN_STYLE = Automatic;
				CURRENT_PROJECT_VERSION = 1;
				GENERATE_INFOPLIST_FILE = YES;
				IPHONEOS_DEPLOYMENT_TARGET = 18.1;
				MARKETING_VERSION = 1.0;
				PRODUCT_BUNDLE_IDENTIFIER = "com.example.govuk-review-appTests";
				PRODUCT_NAME = "$(TARGET_NAME)";
				SWIFT_EMIT_LOC_STRINGS = NO;
				SWIFT_VERSION = 5.0;
				TARGETED_DEVICE_FAMILY = "1,2";
				TEST_HOST = "$(BUILT_PRODUCTS_DIR)/govuk_review_app.app/$(BUNDLE_EXECUTABLE_FOLDER_PATH)/govuk_review_app";
			};
			name = Release;
		};
		B09963482D38125B00F42ACD /* Debug */ = {
			isa = XCBuildConfiguration;
			buildSettings = {
				CODE_SIGN_STYLE = Automatic;
				CURRENT_PROJECT_VERSION = 1;
				GENERATE_INFOPLIST_FILE = YES;
				MARKETING_VERSION = 1.0;
				PRODUCT_BUNDLE_IDENTIFIER = "com.example.govuk-review-appUITests";
				PRODUCT_NAME = "$(TARGET_NAME)";
				SWIFT_EMIT_LOC_STRINGS = NO;
				SWIFT_VERSION = 5.0;
				TARGETED_DEVICE_FAMILY = "1,2";
				TEST_TARGET_NAME = govuk_review_app;
			};
			name = Debug;
		};
		B09963492D38125B00F42ACD /* Release */ = {
			isa = XCBuildConfiguration;
			buildSettings = {
				CODE_SIGN_STYLE = Automatic;
				CURRENT_PROJECT_VERSION = 1;
				GENERATE_INFOPLIST_FILE = YES;
				MARKETING_VERSION = 1.0;
				PRODUCT_BUNDLE_IDENTIFIER = "com.example.govuk-review-appUITests";
				PRODUCT_NAME = "$(TARGET_NAME)";
				SWIFT_EMIT_LOC_STRINGS = NO;
				SWIFT_VERSION = 5.0;
				TARGETED_DEVICE_FAMILY = "1,2";
				TEST_TARGET_NAME = govuk_review_app;
			};
			name = Release;
		};
/* End XCBuildConfiguration section */

/* Begin XCConfigurationList section */
		B09963132D38125800F42ACD /* Build configuration list for PBXProject "govuk_review_app" */ = {
			isa = XCConfigurationList;
			buildConfigurations = (
				B099633F2D38125B00F42ACD /* Debug */,
				B09963402D38125B00F42ACD /* Release */,
			);
			defaultConfigurationIsVisible = 0;
			defaultConfigurationName = Release;
		};
		B09963412D38125B00F42ACD /* Build configuration list for PBXNativeTarget "govuk_review_app" */ = {
			isa = XCConfigurationList;
			buildConfigurations = (
				B09963422D38125B00F42ACD /* Debug */,
				B09963432D38125B00F42ACD /* Release */,
			);
			defaultConfigurationIsVisible = 0;
			defaultConfigurationName = Release;
		};
		B09963442D38125B00F42ACD /* Build configuration list for PBXNativeTarget "govuk_review_appTests" */ = {
			isa = XCConfigurationList;
			buildConfigurations = (
				B09963452D38125B00F42ACD /* Debug */,
				B09963462D38125B00F42ACD /* Release */,
			);
			defaultConfigurationIsVisible = 0;
			defaultConfigurationName = Release;
		};
		B09963472D38125B00F42ACD /* Build configuration list for PBXNativeTarget "govuk_review_appUITests" */ = {
			isa = XCConfigurationList;
			buildConfigurations = (
				B09963482D38125B00F42ACD /* Debug */,
				B09963492D38125B00F42ACD /* Release */,
			);
			defaultConfigurationIsVisible = 0;
			defaultConfigurationName = Release;
		};
/* End XCConfigurationList section */

/* Begin XCRemoteSwiftPackageReference section */
		B029E4CD2D830D1E0066CE41 /* XCRemoteSwiftPackageReference "ios-maps-sdk" */ = {
			isa = XCRemoteSwiftPackageReference;
			repositoryURL = "https://github.com/googlemaps/ios-maps-sdk";
			requirement = {
				kind = upToNextMajorVersion;
				minimumVersion = 9.3.0;
			};
		};
/* End XCRemoteSwiftPackageReference section */

/* Begin XCSwiftPackageProductDependency section */
		B029E4CE2D830D1E0066CE41 /* GoogleMaps */ = {
			isa = XCSwiftPackageProductDependency;
			package = B029E4CD2D830D1E0066CE41 /* XCRemoteSwiftPackageReference "ios-maps-sdk" */;
			productName = GoogleMaps;
		};
/* End XCSwiftPackageProductDependency section */
	};
	rootObject = B09963102D38125800F42ACD /* Project object */;
}
